github.com/RAZ-os/bank v0.0.0-20200927120922-3ab5276aabe8 h1:bxtXsp7xMHw8bhqHQQVU6cOgt3S60dSA6zZHhIvOEjw=
github.com/RAZ-os/bank v0.0.0-20200927120922-3ab5276aabe8/go.mod h1:yP1Pmiv21gyZb469ssv9kHoBITEZSYo0NNVIN29PJrk=
github.com/RAZ-os/bank v0.0.0-20200927124850-5cea6060cf95 h1:5VJkdgwNKxsX2IWjwEaiHxyYRgN1pCDKVDcCSFxH5cA=
github.com/RAZ-os/bank v0.0.0-20200927124850-5cea6060cf95/go.mod h1:yP1Pmiv21gyZb469ssv9kHoBITEZSYo0NNVIN29PJrk=
github.com/RAZ-os/bank v0.0.0-20200927125255-cfd9c2f1fb4b h1:MlZmtfnWyq7WvIB9nu830eqknUU1qxNu9F1XHRMoe5E=
github.com/RAZ-os/bank v0.0.0-20200927125255-cfd9c2f1fb4b/go.mod h1:yP1Pmiv21gyZb469ssv9kHoBITEZSYo0NNVIN29PJrk=
