github.com/RAZ-os/bank v0.0.0-20200927125255-cfd9c2f1fb4b h1:MlZmtfnWyq7WvIB9nu830eqknUU1qxNu9F1XHRMoe5E=
github.com/RAZ-os/bank v0.0.0-20200927125255-cfd9c2f1fb4b/go.mod h1:yP1Pmiv21gyZb469ssv9kHoBITEZSYo0NNVIN29PJrk=
github.com/RAZ-os/bank v1.0.0 h1:ovNnef8uy92EjPcS+UVMGarXcNOUbERDixdQ1gnAmvw=
github.com/RAZ-os/bank/v2 v2.0.0 h1:JAZp2fWAn9nc5tGTzxgSEpcfKa263QjDNLMR14zT1GA=
github.com/RAZ-os/bank/v2 v2.0.0/go.mod h1:jiBcuqLcTMTm0DfbEKgX5M4juNkGncwm9yz+oSdLYQg=
